version = 1
revision = 3
requires-python = ">=3.11"

[[package]]
name = "cffi"
version = "1.15.1"
source = { registry = "https://pypi.org/simple" }
dependencies = [
    { name = "pycparser" },
]
sdist = { url = "https://files.pythonhosted.org/packages/2b/a8/050ab4f0c3d4c1b8aaa805f70e26e84d0e27004907c5b8ecc1d31815f92a/cffi-1.15.1.tar.gz", hash = "sha256:d400bfb9a37b1351253cb402671cea7e89bdecc294e8016a707f6d1d8ac934f9", size = 508501, upload-time = "2022-06-30T18:18:32.799Z" }
wheels = [
    { url = "https://files.pythonhosted.org/packages/23/8b/2e8c2469eaf89f7273ac685164949a7e644cdfe5daf1c036564208c3d26b/cffi-1.15.1-cp311-cp311-macosx_10_9_x86_64.whl", hash = "sha256:3d08afd128ddaa624a48cf2b859afef385b720bb4b43df214f85616922e6a5ac", size = 179198, upload-time = "2022-06-30T18:16:06.056Z" },
    { url = "https://files.pythonhosted.org/packages/f9/96/fc9e118c47b7adc45a0676f413b4a47554e5f3b6c99b8607ec9726466ef1/cffi-1.15.1-cp311-cp311-macosx_11_0_arm64.whl", hash = "sha256:3799aecf2e17cf585d977b780ce79ff0dc9b78d799fc694221ce814c2c19db83", size = 174221, upload-time = "2022-06-30T18:16:09.137Z" },
    { url = "https://files.pythonhosted.org/packages/10/72/617ee266192223a38b67149c830bd9376b69cf3551e1477abc72ff23ef8e/cffi-1.15.1-cp311-cp311-manylinux_2_12_i686.manylinux2010_i686.manylinux_2_17_i686.manylinux2014_i686.whl", hash = "sha256:a591fe9e525846e4d154205572a029f653ada1a78b93697f3b5a8f1f2bc055b9", size = 441694, upload-time = "2022-06-30T18:16:12.057Z" },
    { url = "https://files.pythonhosted.org/packages/91/bc/b7723c2fe7a22eee71d7edf2102cd43423d5f95ff3932ebaa2f82c7ec8d0/cffi-1.15.1-cp311-cp311-manylinux_2_17_aarch64.manylinux2014_aarch64.whl", hash = "sha256:3548db281cd7d2561c9ad9984681c95f7b0e38881201e157833a2342c30d5e8c", size = 470613, upload-time = "2022-06-30T18:16:15.3Z" },
    { url = "https://files.pythonhosted.org/packages/5d/4e/4e0bb5579b01fdbfd4388bd1eb9394a989e1336203a4b7f700d887b233c1/cffi-1.15.1-cp311-cp311-manylinux_2_17_ppc64le.manylinux2014_ppc64le.whl", hash = "sha256:91fc98adde3d7881af9b59ed0294046f3806221863722ba7d8d120c575314325", size = 472199, upload-time = "2022-06-30T18:16:18.027Z" },
    { url = "https://files.pythonhosted.org/packages/37/5a/c37631a86be838bdd84cc0259130942bf7e6e32f70f4cab95f479847fb91/cffi-1.15.1-cp311-cp311-manylinux_2_17_x86_64.manylinux2014_x86_64.whl", hash = "sha256:94411f22c3985acaec6f83c6df553f2dbe17b698cc7f8ae751ff2237d96b9e3c", size = 462588, upload-time = "2022-06-30T18:16:21.148Z" },
    { url = "https://files.pythonhosted.org/packages/71/d7/0fe0d91b0bbf610fb7254bb164fa8931596e660d62e90fb6289b7ee27b09/cffi-1.15.1-cp311-cp311-musllinux_1_1_i686.whl", hash = "sha256:03425bdae262c76aad70202debd780501fabeaca237cdfddc008987c0e0f59ef", size = 450543, upload-time = "2022-06-30T18:16:24.497Z" },
    { url = "https://files.pythonhosted.org/packages/d3/56/3e94aa719ae96eeda8b68b3ec6e347e0a23168c6841dc276ccdcdadc9f32/cffi-1.15.1-cp311-cp311-musllinux_1_1_x86_64.whl", hash = "sha256:cc4d65aeeaa04136a12677d3dd0b1c0c94dc43abac5860ab33cceb42b801c1e8", size = 474253, upload-time = "2022-06-30T18:16:27.156Z" },
    { url = "https://files.pythonhosted.org/packages/87/ee/ddc23981fc0f5e7b5356e98884226bcb899f95ebaefc3e8e8b8742dd7e22/cffi-1.15.1-cp311-cp311-win32.whl", hash = "sha256:a0f100c8912c114ff53e1202d0078b425bee3649ae34d7b070e9697f93c5d52d", size = 170313, upload-time = "2022-06-30T18:16:29.939Z" },
    { url = "https://files.pythonhosted.org/packages/43/a0/cc7370ef72b6ee586369bacd3961089ab3d94ae712febf07a244f1448ffd/cffi-1.15.1-cp311-cp311-win_amd64.whl", hash = "sha256:04ed324bda3cda42b9b695d51bb7d54b680b9719cfab04227cdd1e04e5de3104", size = 179001, upload-time = "2022-06-30T18:16:34.521Z" },
]

[[package]]
name = "cqanalyze"
version = "0.1.0"
source = { editable = "." }
dependencies = [
    { name = "mip" },
]

[package.metadata]
requires-dist = [{ name = "mip", specifier = ">=1.15.0" }]

[[package]]
name = "mip"
version = "1.15.0"
source = { registry = "https://pypi.org/simple" }
dependencies = [
    { name = "cffi" },
]
sdist = { url = "https://files.pythonhosted.org/packages/30/84/41ebb2db20fbc199768c317ee8238d50b55fd6ffaa4c17e2cb94f0d03152/mip-1.15.0.tar.gz", hash = "sha256:7f6f0381cfe2c52c1b8640203da2cb56974b26e23950ddfb1a76b37d916f197e", size = 24569566, upload-time = "2023-01-04T13:51:46.934Z" }
wheels = [
    { url = "https://files.pythonhosted.org/packages/49/c9/d4ba71d5d73cf57596b8637ab20eda547c6cde296860f6b6192568809e70/mip-1.15.0-py3-none-any.whl", hash = "sha256:9a48c993ddc9a48591a59e4a1221b400eb1e35fc087052085774360330bb9226", size = 15269834, upload-time = "2023-01-04T13:51:34.596Z" },
]

[[package]]
name = "pycparser"
version = "2.23"
source = { registry = "https://pypi.org/simple" }
sdist = { url = "https://files.pythonhosted.org/packages/fe/cf/d2d3b9f5699fb1e4615c8e32ff220203e43b248e1dfcc6736ad9057731ca/pycparser-2.23.tar.gz", hash = "sha256:78816d4f24add8f10a06d6f05b4d424ad9e96cfebf68a4ddc99c65c0720d00c2", size = 173734, upload-time = "2025-09-09T13:23:47.91Z" }
wheels = [
    { url = "https://files.pythonhosted.org/packages/a0/e3/59cd50310fc9b59512193629e1984c1f95e5c8ae6e5d8c69532ccc65a7fe/pycparser-2.23-py3-none-any.whl", hash = "sha256:e5c6e8d3fbad53479cab09ac03729e0a9faf2bee3db8208a550daf5af81a5934", size = 118140, upload-time = "2025-09-09T13:23:46.651Z" },
]
